// !$*UTF8*$!
{
	archiveVersion = 1;
	classes = {
	};
	objectVersion = 46;
	objects = {

/* Begin PBXBuildFile section */
		204F9D9D1F6A7A7E004C4435 /* main.m in Sources */ = {isa = PBXBuildFile; fileRef = 204F9D9C1F6A7A7E004C4435 /* main.m */; };
		204F9DA01F6A7A7E004C4435 /* AppDelegate.m in Sources */ = {isa = PBXBuildFile; fileRef = 204F9D9F1F6A7A7E004C4435 /* AppDelegate.m */; };
		204F9DA31F6A7A7E004C4435 /* ViewController.m in Sources */ = {isa = PBXBuildFile; fileRef = 204F9DA21F6A7A7E004C4435 /* ViewController.m */; };
		204F9DA61F6A7A7E004C4435 /* Main.storyboard in Resources */ = {isa = PBXBuildFile; fileRef = 204F9DA41F6A7A7E004C4435 /* Main.storyboard */; };
		204F9DA91F6A7A7E004C4435 /* ZYPhotoBrowser.xcdatamodeld in Sources */ = {isa = PBXBuildFile; fileRef = 204F9DA71F6A7A7E004C4435 /* ZYPhotoBrowser.xcdatamodeld */; };
		204F9DAB1F6A7A7E004C4435 /* Assets.xcassets in Resources */ = {isa = PBXBuildFile; fileRef = 204F9DAA1F6A7A7E004C4435 /* Assets.xcassets */; };
		204F9DAE1F6A7A7E004C4435 /* LaunchScreen.storyboard in Resources */ = {isa = PBXBuildFile; fileRef = 204F9DAC1F6A7A7E004C4435 /* LaunchScreen.storyboard */; };
		204F9DB91F6A7A7E004C4435 /* ZYPhotoBrowserTests.m in Sources */ = {isa = PBXBuildFile; fileRef = 204F9DB81F6A7A7E004C4435 /* ZYPhotoBrowserTests.m */; };
		204F9DC41F6A7A7E004C4435 /* ZYPhotoBrowserUITests.m in Sources */ = {isa = PBXBuildFile; fileRef = 204F9DC31F6A7A7E004C4435 /* ZYPhotoBrowserUITests.m */; };
		204F9DDD1F6A7AC0004C4435 /* CMAllMediaPhotoBrowser.m in Sources */ = {isa = PBXBuildFile; fileRef = 204F9DD61F6A7AC0004C4435 /* CMAllMediaPhotoBrowser.m */; };
		204F9DDE1F6A7AC0004C4435 /* CMAllMediaPhotoBrowserManager.m in Sources */ = {isa = PBXBuildFile; fileRef = 204F9DD81F6A7AC0004C4435 /* CMAllMediaPhotoBrowserManager.m */; };
		204F9DDF1F6A7AC0004C4435 /* CMAllMediaPhotoProgress.m in Sources */ = {isa = PBXBuildFile; fileRef = 204F9DDA1F6A7AC0004C4435 /* CMAllMediaPhotoProgress.m */; };
		204F9DE01F6A7AC0004C4435 /* CMAllMediaPhotoView.m in Sources */ = {isa = PBXBuildFile; fileRef = 204F9DDC1F6A7AC0004C4435 /* CMAllMediaPhotoView.m */; };
		204F9DE31F6A7B1B004C4435 /* PhotoTableViewCell.m in Sources */ = {isa = PBXBuildFile; fileRef = 204F9DE21F6A7B1B004C4435 /* PhotoTableViewCell.m */; };
		204F9DE71F6A7C85004C4435 /* UIImage+CMAllMediaPhotoGif.m in Sources */ = {isa = PBXBuildFile; fileRef = 204F9DE61F6A7C85004C4435 /* UIImage+CMAllMediaPhotoGif.m */; };
		204F9DF31F6A7C9F004C4435 /* CMAllMediaLoaderURLConnection.m in Sources */ = {isa = PBXBuildFile; fileRef = 204F9DEA1F6A7C9F004C4435 /* CMAllMediaLoaderURLConnection.m */; };
		204F9DF41F6A7C9F004C4435 /* CMAllMediaVideoManager.m in Sources */ = {isa = PBXBuildFile; fileRef = 204F9DEC1F6A7C9F004C4435 /* CMAllMediaVideoManager.m */; };
		204F9DF51F6A7C9F004C4435 /* CMAllMediaVideoPlayerView.m in Sources */ = {isa = PBXBuildFile; fileRef = 204F9DEE1F6A7C9F004C4435 /* CMAllMediaVideoPlayerView.m */; };
		204F9DF61F6A7C9F004C4435 /* CMAllMediaVideoRequestTask.m in Sources */ = {isa = PBXBuildFile; fileRef = 204F9DF01F6A7C9F004C4435 /* CMAllMediaVideoRequestTask.m */; };
		204F9DF71F6A7C9F004C4435 /* UIScrollView+CMAllMediaQuickScrollView.m in Sources */ = {isa = PBXBuildFile; fileRef = 204F9DF21F6A7C9F004C4435 /* UIScrollView+CMAllMediaQuickScrollView.m */; };
		204F9DFA1F6A7D18004C4435 /* UIView+Layout.m in Sources */ = {isa = PBXBuildFile; fileRef = 204F9DF91F6A7D18004C4435 /* UIView+Layout.m */; };
		204F9DFD1F6A8172004C4435 /* photobrowser.gif in Resources */ = {isa = PBXBuildFile; fileRef = 204F9DFC1F6A8172004C4435 /* photobrowser.gif */; };
/* End PBXBuildFile section */

/* Begin PBXContainerItemProxy section */
		204F9DB51F6A7A7E004C4435 /* PBXContainerItemProxy */ = {
			isa = PBXContainerItemProxy;
			containerPortal = 204F9D901F6A7A7D004C4435 /* Project object */;
			proxyType = 1;
			remoteGlobalIDString = 204F9D971F6A7A7D004C4435;
			remoteInfo = ZYPhotoBrowser;
		};
		204F9DC01F6A7A7E004C4435 /* PBXContainerItemProxy */ = {
			isa = PBXContainerItemProxy;
			containerPortal = 204F9D901F6A7A7D004C4435 /* Project object */;
			proxyType = 1;
			remoteGlobalIDString = 204F9D971F6A7A7D004C4435;
			remoteInfo = ZYPhotoBrowser;
		};
/* End PBXContainerItemProxy section */

/* Begin PBXFileReference section */
		204F9D981F6A7A7D004C4435 /* ZYPhotoBrowser.app */ = {isa = PBXFileReference; explicitFileType = wrapper.application; includeInIndex = 0; path = ZYPhotoBrowser.app; sourceTree = BUILT_PRODUCTS_DIR; };
		204F9D9C1F6A7A7E004C4435 /* main.m */ = {isa = PBXFileReference; lastKnownFileType = sourcecode.c.objc; path = main.m; sourceTree = "<group>"; };
		204F9D9E1F6A7A7E004C4435 /* AppDelegate.h */ = {isa = PBXFileReference; lastKnownFileType = sourcecode.c.h; path = AppDelegate.h; sourceTree = "<group>"; };
		204F9D9F1F6A7A7E004C4435 /* AppDelegate.m */ = {isa = PBXFileReference; lastKnownFileType = sourcecode.c.objc; path = AppDelegate.m; sourceTree = "<group>"; };
		204F9DA11F6A7A7E004C4435 /* ViewController.h */ = {isa = PBXFileReference; lastKnownFileType = sourcecode.c.h; path = ViewController.h; sourceTree = "<group>"; };
		204F9DA21F6A7A7E004C4435 /* ViewController.m */ = {isa = PBXFileReference; lastKnownFileType = sourcecode.c.objc; path = ViewController.m; sourceTree = "<group>"; };
		204F9DA51F6A7A7E004C4435 /* Base */ = {isa = PBXFileReference; lastKnownFileType = file.storyboard; name = Base; path = Base.lproj/Main.storyboard; sourceTree = "<group>"; };
		204F9DA81F6A7A7E004C4435 /* ZYPhotoBrowser.xcdatamodel */ = {isa = PBXFileReference; lastKnownFileType = wrapper.xcdatamodel; path = ZYPhotoBrowser.xcdatamodel; sourceTree = "<group>"; };
		204F9DAA1F6A7A7E004C4435 /* Assets.xcassets */ = {isa = PBXFileReference; lastKnownFileType = folder.assetcatalog; path = Assets.xcassets; sourceTree = "<group>"; };
		204F9DAD1F6A7A7E004C4435 /* Base */ = {isa = PBXFileReference; lastKnownFileType = file.storyboard; name = Base; path = Base.lproj/LaunchScreen.storyboard; sourceTree = "<group>"; };
		204F9DAF1F6A7A7E004C4435 /* Info.plist */ = {isa = PBXFileReference; lastKnownFileType = text.plist.xml; path = Info.plist; sourceTree = "<group>"; };
		204F9DB41F6A7A7E004C4435 /* ZYPhotoBrowserTests.xctest */ = {isa = PBXFileReference; explicitFileType = wrapper.cfbundle; includeInIndex = 0; path = ZYPhotoBrowserTests.xctest; sourceTree = BUILT_PRODUCTS_DIR; };
		204F9DB81F6A7A7E004C4435 /* ZYPhotoBrowserTests.m */ = {isa = PBXFileReference; lastKnownFileType = sourcecode.c.objc; path = ZYPhotoBrowserTests.m; sourceTree = "<group>"; };
		204F9DBA1F6A7A7E004C4435 /* Info.plist */ = {isa = PBXFileReference; lastKnownFileType = text.plist.xml; path = Info.plist; sourceTree = "<group>"; };
		204F9DBF1F6A7A7E004C4435 /* ZYPhotoBrowserUITests.xctest */ = {isa = PBXFileReference; explicitFileType = wrapper.cfbundle; includeInIndex = 0; path = ZYPhotoBrowserUITests.xctest; sourceTree = BUILT_PRODUCTS_DIR; };
		204F9DC31F6A7A7E004C4435 /* ZYPhotoBrowserUITests.m */ = {isa = PBXFileReference; lastKnownFileType = sourcecode.c.objc; path = ZYPhotoBrowserUITests.m; sourceTree = "<group>"; };
		204F9DC51F6A7A7E004C4435 /* Info.plist */ = {isa = PBXFileReference; lastKnownFileType = text.plist.xml; path = Info.plist; sourceTree = "<group>"; };
		204F9DD51F6A7AC0004C4435 /* CMAllMediaPhotoBrowser.h */ = {isa = PBXFileReference; fileEncoding = 4; lastKnownFileType = sourcecode.c.h; path = CMAllMediaPhotoBrowser.h; sourceTree = "<group>"; };
		204F9DD61F6A7AC0004C4435 /* CMAllMediaPhotoBrowser.m */ = {isa = PBXFileReference; fileEncoding = 4; lastKnownFileType = sourcecode.c.objc; path = CMAllMediaPhotoBrowser.m; sourceTree = "<group>"; };
		204F9DD71F6A7AC0004C4435 /* CMAllMediaPhotoBrowserManager.h */ = {isa = PBXFileReference; fileEncoding = 4; lastKnownFileType = sourcecode.c.h; path = CMAllMediaPhotoBrowserManager.h; sourceTree = "<group>"; };
		204F9DD81F6A7AC0004C4435 /* CMAllMediaPhotoBrowserManager.m */ = {isa = PBXFileReference; fileEncoding = 4; lastKnownFileType = sourcecode.c.objc; path = CMAllMediaPhotoBrowserManager.m; sourceTree = "<group>"; };
		204F9DD91F6A7AC0004C4435 /* CMAllMediaPhotoProgress.h */ = {isa = PBXFileReference; fileEncoding = 4; lastKnownFileType = sourcecode.c.h; path = CMAllMediaPhotoProgress.h; sourceTree = "<group>"; };
		204F9DDA1F6A7AC0004C4435 /* CMAllMediaPhotoProgress.m */ = {isa = PBXFileReference; fileEncoding = 4; lastKnownFileType = sourcecode.c.objc; path = CMAllMediaPhotoProgress.m; sourceTree = "<group>"; };
		204F9DDB1F6A7AC0004C4435 /* CMAllMediaPhotoView.h */ = {isa = PBXFileReference; fileEncoding = 4; lastKnownFileType = sourcecode.c.h; path = CMAllMediaPhotoView.h; sourceTree = "<group>"; };
		204F9DDC1F6A7AC0004C4435 /* CMAllMediaPhotoView.m */ = {isa = PBXFileReference; fileEncoding = 4; lastKnownFileType = sourcecode.c.objc; path = CMAllMediaPhotoView.m; sourceTree = "<group>"; };
		204F9DE11F6A7B1B004C4435 /* PhotoTableViewCell.h */ = {isa = PBXFileReference; fileEncoding = 4; lastKnownFileType = sourcecode.c.h; path = PhotoTableViewCell.h; sourceTree = "<group>"; };
		204F9DE21F6A7B1B004C4435 /* PhotoTableViewCell.m */ = {isa = PBXFileReference; fileEncoding = 4; lastKnownFileType = sourcecode.c.objc; path = PhotoTableViewCell.m; sourceTree = "<group>"; };
		204F9DE41F6A7B4E004C4435 /* Header.h */ = {isa = PBXFileReference; lastKnownFileType = sourcecode.c.h; path = Header.h; sourceTree = "<group>"; };
		204F9DE51F6A7C85004C4435 /* UIImage+CMAllMediaPhotoGif.h */ = {isa = PBXFileReference; fileEncoding = 4; lastKnownFileType = sourcecode.c.h; path = "UIImage+CMAllMediaPhotoGif.h"; sourceTree = "<group>"; };
		204F9DE61F6A7C85004C4435 /* UIImage+CMAllMediaPhotoGif.m */ = {isa = PBXFileReference; fileEncoding = 4; lastKnownFileType = sourcecode.c.objc; path = "UIImage+CMAllMediaPhotoGif.m"; sourceTree = "<group>"; };
		204F9DE91F6A7C9F004C4435 /* CMAllMediaLoaderURLConnection.h */ = {isa = PBXFileReference; fileEncoding = 4; lastKnownFileType = sourcecode.c.h; path = CMAllMediaLoaderURLConnection.h; sourceTree = "<group>"; };
		204F9DEA1F6A7C9F004C4435 /* CMAllMediaLoaderURLConnection.m */ = {isa = PBXFileReference; fileEncoding = 4; lastKnownFileType = sourcecode.c.objc; path = CMAllMediaLoaderURLConnection.m; sourceTree = "<group>"; };
		204F9DEB1F6A7C9F004C4435 /* CMAllMediaVideoManager.h */ = {isa = PBXFileReference; fileEncoding = 4; lastKnownFileType = sourcecode.c.h; path = CMAllMediaVideoManager.h; sourceTree = "<group>"; };
		204F9DEC1F6A7C9F004C4435 /* CMAllMediaVideoManager.m */ = {isa = PBXFileReference; fileEncoding = 4; lastKnownFileType = sourcecode.c.objc; path = CMAllMediaVideoManager.m; sourceTree = "<group>"; };
		204F9DED1F6A7C9F004C4435 /* CMAllMediaVideoPlayerView.h */ = {isa = PBXFileReference; fileEncoding = 4; lastKnownFileType = sourcecode.c.h; path = CMAllMediaVideoPlayerView.h; sourceTree = "<group>"; };
		204F9DEE1F6A7C9F004C4435 /* CMAllMediaVideoPlayerView.m */ = {isa = PBXFileReference; fileEncoding = 4; lastKnownFileType = sourcecode.c.objc; path = CMAllMediaVideoPlayerView.m; sourceTree = "<group>"; };
		204F9DEF1F6A7C9F004C4435 /* CMAllMediaVideoRequestTask.h */ = {isa = PBXFileReference; fileEncoding = 4; lastKnownFileType = sourcecode.c.h; path = CMAllMediaVideoRequestTask.h; sourceTree = "<group>"; };
		204F9DF01F6A7C9F004C4435 /* CMAllMediaVideoRequestTask.m */ = {isa = PBXFileReference; fileEncoding = 4; lastKnownFileType = sourcecode.c.objc; path = CMAllMediaVideoRequestTask.m; sourceTree = "<group>"; };
		204F9DF11F6A7C9F004C4435 /* UIScrollView+CMAllMediaQuickScrollView.h */ = {isa = PBXFileReference; fileEncoding = 4; lastKnownFileType = sourcecode.c.h; path = "UIScrollView+CMAllMediaQuickScrollView.h"; sourceTree = "<group>"; };
		204F9DF21F6A7C9F004C4435 /* UIScrollView+CMAllMediaQuickScrollView.m */ = {isa = PBXFileReference; fileEncoding = 4; lastKnownFileType = sourcecode.c.objc; path = "UIScrollView+CMAllMediaQuickScrollView.m"; sourceTree = "<group>"; };
		204F9DF81F6A7D18004C4435 /* UIView+Layout.h */ = {isa = PBXFileReference; fileEncoding = 4; lastKnownFileType = sourcecode.c.h; path = "UIView+Layout.h"; sourceTree = "<group>"; };
		204F9DF91F6A7D18004C4435 /* UIView+Layout.m */ = {isa = PBXFileReference; fileEncoding = 4; lastKnownFileType = sourcecode.c.objc; path = "UIView+Layout.m"; sourceTree = "<group>"; };
		204F9DFC1F6A8172004C4435 /* photobrowser.gif */ = {isa = PBXFileReference; lastKnownFileType = image.gif; path = photobrowser.gif; sourceTree = "<group>"; };
/* End PBXFileReference section */

/* Begin PBXFrameworksBuildPhase section */
		204F9D951F6A7A7D004C4435 /* Frameworks */ = {
			isa = PBXFrameworksBuildPhase;
			buildActionMask = 2147483647;
			files = (
			);
			runOnlyForDeploymentPostprocessing = 0;
		};
		204F9DB11F6A7A7E004C4435 /* Frameworks */ = {
			isa = PBXFrameworksBuildPhase;
			buildActionMask = 2147483647;
			files = (
			);
			runOnlyForDeploymentPostprocessing = 0;
		};
		204F9DBC1F6A7A7E004C4435 /* Frameworks */ = {
			isa = PBXFrameworksBuildPhase;
			buildActionMask = 2147483647;
			files = (
			);
			runOnlyForDeploymentPostprocessing = 0;
		};
/* End PBXFrameworksBuildPhase section */

/* Begin PBXGroup section */
		204F9D8F1F6A7A7D004C4435 = {
			isa = PBXGroup;
			children = (
				204F9D9A1F6A7A7E004C4435 /* ZYPhotoBrowser */,
				204F9DB71F6A7A7E004C4435 /* ZYPhotoBrowserTests */,
				204F9DC21F6A7A7E004C4435 /* ZYPhotoBrowserUITests */,
				204F9D991F6A7A7D004C4435 /* Products */,
			);
			sourceTree = "<group>";
		};
		204F9D991F6A7A7D004C4435 /* Products */ = {
			isa = PBXGroup;
			children = (
				204F9D981F6A7A7D004C4435 /* ZYPhotoBrowser.app */,
				204F9DB41F6A7A7E004C4435 /* ZYPhotoBrowserTests.xctest */,
				204F9DBF1F6A7A7E004C4435 /* ZYPhotoBrowserUITests.xctest */,
			);
			name = Products;
			sourceTree = "<group>";
		};
		204F9D9A1F6A7A7E004C4435 /* ZYPhotoBrowser */ = {
			isa = PBXGroup;
			children = (
				204F9DFB1F6A8172004C4435 /* image */,
				204F9DE81F6A7C9F004C4435 /* CMVideoManager */,
				204F9DD41F6A7AC0004C4435 /* CMPhotoBrowser */,
				204F9DE41F6A7B4E004C4435 /* Header.h */,
				204F9D9E1F6A7A7E004C4435 /* AppDelegate.h */,
				204F9D9F1F6A7A7E004C4435 /* AppDelegate.m */,
				204F9DA11F6A7A7E004C4435 /* ViewController.h */,
				204F9DA21F6A7A7E004C4435 /* ViewController.m */,
				204F9DE11F6A7B1B004C4435 /* PhotoTableViewCell.h */,
				204F9DE21F6A7B1B004C4435 /* PhotoTableViewCell.m */,
				204F9DA41F6A7A7E004C4435 /* Main.storyboard */,
				204F9DAA1F6A7A7E004C4435 /* Assets.xcassets */,
				204F9DAC1F6A7A7E004C4435 /* LaunchScreen.storyboard */,
				204F9DAF1F6A7A7E004C4435 /* Info.plist */,
				204F9DA71F6A7A7E004C4435 /* ZYPhotoBrowser.xcdatamodeld */,
				204F9D9B1F6A7A7E004C4435 /* Supporting Files */,
			);
			path = ZYPhotoBrowser;
			sourceTree = "<group>";
		};
		204F9D9B1F6A7A7E004C4435 /* Supporting Files */ = {
			isa = PBXGroup;
			children = (
				204F9D9C1F6A7A7E004C4435 /* main.m */,
			);
			name = "Supporting Files";
			sourceTree = "<group>";
		};
		204F9DB71F6A7A7E004C4435 /* ZYPhotoBrowserTests */ = {
			isa = PBXGroup;
			children = (
				204F9DB81F6A7A7E004C4435 /* ZYPhotoBrowserTests.m */,
				204F9DBA1F6A7A7E004C4435 /* Info.plist */,
			);
			path = ZYPhotoBrowserTests;
			sourceTree = "<group>";
		};
		204F9DC21F6A7A7E004C4435 /* ZYPhotoBrowserUITests */ = {
			isa = PBXGroup;
			children = (
				204F9DC31F6A7A7E004C4435 /* ZYPhotoBrowserUITests.m */,
				204F9DC51F6A7A7E004C4435 /* Info.plist */,
			);
			path = ZYPhotoBrowserUITests;
			sourceTree = "<group>";
		};
		204F9DD41F6A7AC0004C4435 /* CMPhotoBrowser */ = {
			isa = PBXGroup;
			children = (
				204F9DF81F6A7D18004C4435 /* UIView+Layout.h */,
				204F9DF91F6A7D18004C4435 /* UIView+Layout.m */,
				204F9DE51F6A7C85004C4435 /* UIImage+CMAllMediaPhotoGif.h */,
				204F9DE61F6A7C85004C4435 /* UIImage+CMAllMediaPhotoGif.m */,
				204F9DD51F6A7AC0004C4435 /* CMAllMediaPhotoBrowser.h */,
				204F9DD61F6A7AC0004C4435 /* CMAllMediaPhotoBrowser.m */,
				204F9DD71F6A7AC0004C4435 /* CMAllMediaPhotoBrowserManager.h */,
				204F9DD81F6A7AC0004C4435 /* CMAllMediaPhotoBrowserManager.m */,
				204F9DD91F6A7AC0004C4435 /* CMAllMediaPhotoProgress.h */,
				204F9DDA1F6A7AC0004C4435 /* CMAllMediaPhotoProgress.m */,
				204F9DDB1F6A7AC0004C4435 /* CMAllMediaPhotoView.h */,
				204F9DDC1F6A7AC0004C4435 /* CMAllMediaPhotoView.m */,
			);
			path = CMPhotoBrowser;
			sourceTree = "<group>";
		};
		204F9DE81F6A7C9F004C4435 /* CMVideoManager */ = {
			isa = PBXGroup;
			children = (
				204F9DE91F6A7C9F004C4435 /* CMAllMediaLoaderURLConnection.h */,
				204F9DEA1F6A7C9F004C4435 /* CMAllMediaLoaderURLConnection.m */,
				204F9DEB1F6A7C9F004C4435 /* CMAllMediaVideoManager.h */,
				204F9DEC1F6A7C9F004C4435 /* CMAllMediaVideoManager.m */,
				204F9DED1F6A7C9F004C4435 /* CMAllMediaVideoPlayerView.h */,
				204F9DEE1F6A7C9F004C4435 /* CMAllMediaVideoPlayerView.m */,
				204F9DEF1F6A7C9F004C4435 /* CMAllMediaVideoRequestTask.h */,
				204F9DF01F6A7C9F004C4435 /* CMAllMediaVideoRequestTask.m */,
				204F9DF11F6A7C9F004C4435 /* UIScrollView+CMAllMediaQuickScrollView.h */,
				204F9DF21F6A7C9F004C4435 /* UIScrollView+CMAllMediaQuickScrollView.m */,
			);
			path = CMVideoManager;
			sourceTree = "<group>";
		};
		204F9DFB1F6A8172004C4435 /* image */ = {
			isa = PBXGroup;
			children = (
				204F9DFC1F6A8172004C4435 /* photobrowser.gif */,
			);
			path = image;
			sourceTree = "<group>";
		};
/* End PBXGroup section */

/* Begin PBXNativeTarget section */
		204F9D971F6A7A7D004C4435 /* ZYPhotoBrowser */ = {
			isa = PBXNativeTarget;
			buildConfigurationList = 204F9DC81F6A7A7E004C4435 /* Build configuration list for PBXNativeTarget "ZYPhotoBrowser" */;
			buildPhases = (
				204F9D941F6A7A7D004C4435 /* Sources */,
				204F9D951F6A7A7D004C4435 /* Frameworks */,
				204F9D961F6A7A7D004C4435 /* Resources */,
			);
			buildRules = (
			);
			dependencies = (
			);
			name = ZYPhotoBrowser;
			productName = ZYPhotoBrowser;
			productReference = 204F9D981F6A7A7D004C4435 /* ZYPhotoBrowser.app */;
			productType = "com.apple.product-type.application";
		};
		204F9DB31F6A7A7E004C4435 /* ZYPhotoBrowserTests */ = {
			isa = PBXNativeTarget;
			buildConfigurationList = 204F9DCB1F6A7A7E004C4435 /* Build configuration list for PBXNativeTarget "ZYPhotoBrowserTests" */;
			buildPhases = (
				204F9DB01F6A7A7E004C4435 /* Sources */,
				204F9DB11F6A7A7E004C4435 /* Frameworks */,
				204F9DB21F6A7A7E004C4435 /* Resources */,
			);
			buildRules = (
			);
			dependencies = (
				204F9DB61F6A7A7E004C4435 /* PBXTargetDependency */,
			);
			name = ZYPhotoBrowserTests;
			productName = ZYPhotoBrowserTests;
			productReference = 204F9DB41F6A7A7E004C4435 /* ZYPhotoBrowserTests.xctest */;
			productType = "com.apple.product-type.bundle.unit-test";
		};
		204F9DBE1F6A7A7E004C4435 /* ZYPhotoBrowserUITests */ = {
			isa = PBXNativeTarget;
			buildConfigurationList = 204F9DCE1F6A7A7E004C4435 /* Build configuration list for PBXNativeTarget "ZYPhotoBrowserUITests" */;
			buildPhases = (
				204F9DBB1F6A7A7E004C4435 /* Sources */,
				204F9DBC1F6A7A7E004C4435 /* Frameworks */,
				204F9DBD1F6A7A7E004C4435 /* Resources */,
			);
			buildRules = (
			);
			dependencies = (
				204F9DC11F6A7A7E004C4435 /* PBXTargetDependency */,
			);
			name = ZYPhotoBrowserUITests;
			productName = ZYPhotoBrowserUITests;
			productReference = 204F9DBF1F6A7A7E004C4435 /* ZYPhotoBrowserUITests.xctest */;
			productType = "com.apple.product-type.bundle.ui-testing";
		};
/* End PBXNativeTarget section */

/* Begin PBXProject section */
		204F9D901F6A7A7D004C4435 /* Project object */ = {
			isa = PBXProject;
			attributes = {
				LastUpgradeCheck = 0830;
				ORGANIZATIONNAME = "王智垚";
				TargetAttributes = {
					204F9D971F6A7A7D004C4435 = {
						CreatedOnToolsVersion = 8.3.3;
						DevelopmentTeam = CP7C8ZTRME;
						ProvisioningStyle = Automatic;
					};
					204F9DB31F6A7A7E004C4435 = {
						CreatedOnToolsVersion = 8.3.3;
						DevelopmentTeam = M4C7ZCQAKU;
						ProvisioningStyle = Automatic;
						TestTargetID = 204F9D971F6A7A7D004C4435;
					};
					204F9DBE1F6A7A7E004C4435 = {
						CreatedOnToolsVersion = 8.3.3;
						DevelopmentTeam = M4C7ZCQAKU;
						ProvisioningStyle = Automatic;
						TestTargetID = 204F9D971F6A7A7D004C4435;
					};
				};
			};
			buildConfigurationList = 204F9D931F6A7A7D004C4435 /* Build configuration list for PBXProject "ZYPhotoBrowser" */;
			compatibilityVersion = "Xcode 3.2";
			developmentRegion = English;
			hasScannedForEncodings = 0;
			knownRegions = (
				en,
				Base,
			);
			mainGroup = 204F9D8F1F6A7A7D004C4435;
			productRefGroup = 204F9D991F6A7A7D004C4435 /* Products */;
			projectDirPath = "";
			projectRoot = "";
			targets = (
				204F9D971F6A7A7D004C4435 /* ZYPhotoBrowser */,
				204F9DB31F6A7A7E004C4435 /* ZYPhotoBrowserTests */,
				204F9DBE1F6A7A7E004C4435 /* ZYPhotoBrowserUITests */,
			);
		};
/* End PBXProject section */

/* Begin PBXResourcesBuildPhase section */
		204F9D961F6A7A7D004C4435 /* Resources */ = {
			isa = PBXResourcesBuildPhase;
			buildActionMask = 2147483647;
			files = (
				204F9DAE1F6A7A7E004C4435 /* LaunchScreen.storyboard in Resources */,
				204F9DAB1F6A7A7E004C4435 /* Assets.xcassets in Resources */,
				204F9DFD1F6A8172004C4435 /* photobrowser.gif in Resources */,
				204F9DA61F6A7A7E004C4435 /* Main.storyboard in Resources */,
			);
			runOnlyForDeploymentPostprocessing = 0;
		};
		204F9DB21F6A7A7E004C4435 /* Resources */ = {
			isa = PBXResourcesBuildPhase;
			buildActionMask = 2147483647;
			files = (
			);
			runOnlyForDeploymentPostprocessing = 0;
		};
		204F9DBD1F6A7A7E004C4435 /* Resources */ = {
			isa = PBXResourcesBuildPhase;
			buildActionMask = 2147483647;
			files = (
			);
			runOnlyForDeploymentPostprocessing = 0;
		};
/* End PBXResourcesBuildPhase section */

/* Begin PBXSourcesBuildPhase section */
		204F9D941F6A7A7D004C4435 /* Sources */ = {
			isa = PBXSourcesBuildPhase;
			buildActionMask = 2147483647;
			files = (
				204F9DDD1F6A7AC0004C4435 /* CMAllMediaPhotoBrowser.m in Sources */,
				204F9DF51F6A7C9F004C4435 /* CMAllMediaVideoPlayerView.m in Sources */,
				204F9DF71F6A7C9F004C4435 /* UIScrollView+CMAllMediaQuickScrollView.m in Sources */,
				204F9DA91F6A7A7E004C4435 /* ZYPhotoBrowser.xcdatamodeld in Sources */,
				204F9DF61F6A7C9F004C4435 /* CMAllMediaVideoRequestTask.m in Sources */,
				204F9DA31F6A7A7E004C4435 /* ViewController.m in Sources */,
				204F9DA01F6A7A7E004C4435 /* AppDelegate.m in Sources */,
				204F9DDF1F6A7AC0004C4435 /* CMAllMediaPhotoProgress.m in Sources */,
				204F9DE31F6A7B1B004C4435 /* PhotoTableViewCell.m in Sources */,
				204F9DF41F6A7C9F004C4435 /* CMAllMediaVideoManager.m in Sources */,
				204F9DF31F6A7C9F004C4435 /* CMAllMediaLoaderURLConnection.m in Sources */,
				204F9DE71F6A7C85004C4435 /* UIImage+CMAllMediaPhotoGif.m in Sources */,
				204F9DFA1F6A7D18004C4435 /* UIView+Layout.m in Sources */,
				204F9DDE1F6A7AC0004C4435 /* CMAllMediaPhotoBrowserManager.m in Sources */,
				204F9DE01F6A7AC0004C4435 /* CMAllMediaPhotoView.m in Sources */,
				204F9D9D1F6A7A7E004C4435 /* main.m in Sources */,
			);
			runOnlyForDeploymentPostprocessing = 0;
		};
		204F9DB01F6A7A7E004C4435 /* Sources */ = {
			isa = PBXSourcesBuildPhase;
			buildActionMask = 2147483647;
			files = (
				204F9DB91F6A7A7E004C4435 /* ZYPhotoBrowserTests.m in Sources */,
			);
			runOnlyForDeploymentPostprocessing = 0;
		};
		204F9DBB1F6A7A7E004C4435 /* Sources */ = {
			isa = PBXSourcesBuildPhase;
			buildActionMask = 2147483647;
			files = (
				204F9DC41F6A7A7E004C4435 /* ZYPhotoBrowserUITests.m in Sources */,
			);
			runOnlyForDeploymentPostprocessing = 0;
		};
/* End PBXSourcesBuildPhase section */

/* Begin PBXTargetDependency section */
		204F9DB61F6A7A7E004C4435 /* PBXTargetDependency */ = {
			isa = PBXTargetDependency;
			target = 204F9D971F6A7A7D004C4435 /* ZYPhotoBrowser */;
			targetProxy = 204F9DB51F6A7A7E004C4435 /* PBXContainerItemProxy */;
		};
		204F9DC11F6A7A7E004C4435 /* PBXTargetDependency */ = {
			isa = PBXTargetDependency;
			target = 204F9D971F6A7A7D004C4435 /* ZYPhotoBrowser */;
			targetProxy = 204F9DC01F6A7A7E004C4435 /* PBXContainerItemProxy */;
		};
/* End PBXTargetDependency section */

/* Begin PBXVariantGroup section */
		204F9DA41F6A7A7E004C4435 /* Main.storyboard */ = {
			isa = PBXVariantGroup;
			children = (
				204F9DA51F6A7A7E004C4435 /* Base */,
			);
			name = Main.storyboard;
			sourceTree = "<group>";
		};
		204F9DAC1F6A7A7E004C4435 /* LaunchScreen.storyboard */ = {
			isa = PBXVariantGroup;
			children = (
				204F9DAD1F6A7A7E004C4435 /* Base */,
			);
			name = LaunchScreen.storyboard;
			sourceTree = "<group>";
		};
/* End PBXVariantGroup section */

/* Begin XCBuildConfiguration section */
		204F9DC61F6A7A7E004C4435 /* Debug */ = {
			isa = XCBuildConfiguration;
			buildSettings = {
				ALWAYS_SEARCH_USER_PATHS = NO;
				CLANG_ANALYZER_NONNULL = YES;
				CLANG_ANALYZER_NUMBER_OBJECT_CONVERSION = YES_AGGRESSIVE;
				CLANG_CXX_LANGUAGE_STANDARD = "gnu++0x";
				CLANG_CXX_LIBRARY = "libc++";
				CLANG_ENABLE_MODULES = YES;
				CLANG_ENABLE_OBJC_ARC = YES;
				CLANG_WARN_BOOL_CONVERSION = YES;
				CLANG_WARN_CONSTANT_CONVERSION = YES;
				CLANG_WARN_DIRECT_OBJC_ISA_USAGE = YES_ERROR;
				CLANG_WARN_DOCUMENTATION_COMMENTS = YES;
				CLANG_WARN_EMPTY_BODY = YES;
				CLANG_WARN_ENUM_CONVERSION = YES;
				CLANG_WARN_INFINITE_RECURSION = YES;
				CLANG_WARN_INT_CONVERSION = YES;
				CLANG_WARN_OBJC_ROOT_CLASS = YES_ERROR;
				CLANG_WARN_SUSPICIOUS_MOVE = YES;
				CLANG_WARN_UNREACHABLE_CODE = YES;
				CLANG_WARN__DUPLICATE_METHOD_MATCH = YES;
				"CODE_SIGN_IDENTITY[sdk=iphoneos*]" = "iPhone Developer";
				COPY_PHASE_STRIP = NO;
				DEBUG_INFORMATION_FORMAT = dwarf;
				ENABLE_STRICT_OBJC_MSGSEND = YES;
				ENABLE_TESTABILITY = YES;
				GCC_C_LANGUAGE_STANDARD = gnu99;
				GCC_DYNAMIC_NO_PIC = NO;
				GCC_NO_COMMON_BLOCKS = YES;
				GCC_OPTIMIZATION_LEVEL = 0;
				GCC_PREPROCESSOR_DEFINITIONS = (
					"DEBUG=1",
					"$(inherited)",
				);
				GCC_WARN_64_TO_32_BIT_CONVERSION = YES;
				GCC_WARN_ABOUT_RETURN_TYPE = YES_ERROR;
				GCC_WARN_UNDECLARED_SELECTOR = YES;
				GCC_WARN_UNINITIALIZED_AUTOS = YES_AGGRESSIVE;
				GCC_WARN_UNUSED_FUNCTION = YES;
				GCC_WARN_UNUSED_VARIABLE = YES;
				IPHONEOS_DEPLOYMENT_TARGET = 10.3;
				MTL_ENABLE_DEBUG_INFO = YES;
				ONLY_ACTIVE_ARCH = YES;
				SDKROOT = iphoneos;
				TARGETED_DEVICE_FAMILY = "1,2";
			};
			name = Debug;
		};
		204F9DC71F6A7A7E004C4435 /* Release */ = {
			isa = XCBuildConfiguration;
			buildSettings = {
				ALWAYS_SEARCH_USER_PATHS = NO;
				CLANG_ANALYZER_NONNULL = YES;
				CLANG_ANALYZER_NUMBER_OBJECT_CONVERSION = YES_AGGRESSIVE;
				CLANG_CXX_LANGUAGE_STANDARD = "gnu++0x";
				CLANG_CXX_LIBRARY = "libc++";
				CLANG_ENABLE_MODULES = YES;
				CLANG_ENABLE_OBJC_ARC = YES;
				CLANG_WARN_BOOL_CONVERSION = YES;
				CLANG_WARN_CONSTANT_CONVERSION = YES;
				CLANG_WARN_DIRECT_OBJC_ISA_USAGE = YES_ERROR;
				CLANG_WARN_DOCUMENTATION_COMMENTS = YES;
				CLANG_WARN_EMPTY_BODY = YES;
				CLANG_WARN_ENUM_CONVERSION = YES;
				CLANG_WARN_INFINITE_RECURSION = YES;
				CLANG_WARN_INT_CONVERSION = YES;
				CLANG_WARN_OBJC_ROOT_CLASS = YES_ERROR;
				CLANG_WARN_SUSPICIOUS_MOVE = YES;
				CLANG_WARN_UNREACHABLE_CODE = YES;
				CLANG_WARN__DUPLICATE_METHOD_MATCH = YES;
				"CODE_SIGN_IDENTITY[sdk=iphoneos*]" = "iPhone Developer";
				COPY_PHASE_STRIP = NO;
				DEBUG_INFORMATION_FORMAT = "dwarf-with-dsym";
				ENABLE_NS_ASSERTIONS = NO;
				ENABLE_STRICT_OBJC_MSGSEND = YES;
				GCC_C_LANGUAGE_STANDARD = gnu99;
				GCC_NO_COMMON_BLOCKS = YES;
				GCC_WARN_64_TO_32_BIT_CONVERSION = YES;
				GCC_WARN_ABOUT_RETURN_TYPE = YES_ERROR;
				GCC_WARN_UNDECLARED_SELECTOR = YES;
				GCC_WARN_UNINITIALIZED_AUTOS = YES_AGGRESSIVE;
				GCC_WARN_UNUSED_FUNCTION = YES;
				GCC_WARN_UNUSED_VARIABLE = YES;
				IPHONEOS_DEPLOYMENT_TARGET = 10.3;
				MTL_ENABLE_DEBUG_INFO = NO;
				SDKROOT = iphoneos;
				TARGETED_DEVICE_FAMILY = "1,2";
				VALIDATE_PRODUCT = YES;
			};
			name = Release;
		};
		204F9DC91F6A7A7E004C4435 /* Debug */ = {
			isa = XCBuildConfiguration;
			buildSettings = {
				ASSETCATALOG_COMPILER_APPICON_NAME = AppIcon;
				DEVELOPMENT_TEAM = CP7C8ZTRME;
				GCC_PREFIX_HEADER = "$(SRCROOT)/ZYPhotoBrowser/Header.h";
				INFOPLIST_FILE = ZYPhotoBrowser/Info.plist;
				IPHONEOS_DEPLOYMENT_TARGET = 8.0;
				LD_RUNPATH_SEARCH_PATHS = "$(inherited) @executable_path/Frameworks";
				PRODUCT_BUNDLE_IDENTIFIER = com.ZYPhotoBrowser.www;
				PRODUCT_NAME = "$(TARGET_NAME)";
			};
			name = Debug;
		};
		204F9DCA1F6A7A7E004C4435 /* Release */ = {
			isa = XCBuildConfiguration;
			buildSettings = {
				ASSETCATALOG_COMPILER_APPICON_NAME = AppIcon;
				DEVELOPMENT_TEAM = CP7C8ZTRME;
				GCC_PREFIX_HEADER = "$(SRCROOT)/ZYPhotoBrowser/Header.h";
				INFOPLIST_FILE = ZYPhotoBrowser/Info.plist;
				IPHONEOS_DEPLOYMENT_TARGET = 8.0;
				LD_RUNPATH_SEARCH_PATHS = "$(inherited) @executable_path/Frameworks";
				PRODUCT_BUNDLE_IDENTIFIER = com.ZYPhotoBrowser.www;
				PRODUCT_NAME = "$(TARGET_NAME)";
			};
			name = Release;
		};
		204F9DCC1F6A7A7E004C4435 /* Debug */ = {
			isa = XCBuildConfiguration;
			buildSettings = {
				BUNDLE_LOADER = "$(TEST_HOST)";
				DEVELOPMENT_TEAM = M4C7ZCQAKU;
				INFOPLIST_FILE = ZYPhotoBrowserTests/Info.plist;
				LD_RUNPATH_SEARCH_PATHS = "$(inherited) @executable_path/Frameworks @loader_path/Frameworks";
				PRODUCT_BUNDLE_IDENTIFIER = com.ZYPhotoBrowser.www.ZYPhotoBrowserTests;
				PRODUCT_NAME = "$(TARGET_NAME)";
				TEST_HOST = "$(BUILT_PRODUCTS_DIR)/ZYPhotoBrowser.app/ZYPhotoBrowser";
			};
			name = Debug;
		};
		204F9DCD1F6A7A7E004C4435 /* Release */ = {
			isa = XCBuildConfiguration;
			buildSettings = {
				BUNDLE_LOADER = "$(TEST_HOST)";
				DEVELOPMENT_TEAM = M4C7ZCQAKU;
				INFOPLIST_FILE = ZYPhotoBrowserTests/Info.plist;
				LD_RUNPATH_SEARCH_PATHS = "$(inherited) @executable_path/Frameworks @loader_path/Frameworks";
				PRODUCT_BUNDLE_IDENTIFIER = com.ZYPhotoBrowser.www.ZYPhotoBrowserTests;
				PRODUCT_NAME = "$(TARGET_NAME)";
				TEST_HOST = "$(BUILT_PRODUCTS_DIR)/ZYPhotoBrowser.app/ZYPhotoBrowser";
			};
			name = Release;
		};
		204F9DCF1F6A7A7E004C4435 /* Debug */ = {
			isa = XCBuildConfiguration;
			buildSettings = {
				DEVELOPMENT_TEAM = M4C7ZCQAKU;
				INFOPLIST_FILE = ZYPhotoBrowserUITests/Info.plist;
				LD_RUNPATH_SEARCH_PATHS = "$(inherited) @executable_path/Frameworks @loader_path/Frameworks";
				PRODUCT_BUNDLE_IDENTIFIER = com.ZYPhotoBrowser.www.ZYPhotoBrowserUITests;
				PRODUCT_NAME = "$(TARGET_NAME)";
				TEST_TARGET_NAME = ZYPhotoBrowser;
			};
			name = Debug;
		};
		204F9DD01F6A7A7E004C4435 /* Release */ = {
			isa = XCBuildConfiguration;
			buildSettings = {
				DEVELOPMENT_TEAM = M4C7ZCQAKU;
				INFOPLIST_FILE = ZYPhotoBrowserUITests/Info.plist;
				LD_RUNPATH_SEARCH_PATHS = "$(inherited) @executable_path/Frameworks @loader_path/Frameworks";
				PRODUCT_BUNDLE_IDENTIFIER = com.ZYPhotoBrowser.www.ZYPhotoBrowserUITests;
				PRODUCT_NAME = "$(TARGET_NAME)";
				TEST_TARGET_NAME = ZYPhotoBrowser;
			};
			name = Release;
		};
/* End XCBuildConfiguration section */

/* Begin XCConfigurationList section */
		204F9D931F6A7A7D004C4435 /* Build configuration list for PBXProject "ZYPhotoBrowser" */ = {
			isa = XCConfigurationList;
			buildConfigurations = (
				204F9DC61F6A7A7E004C4435 /* Debug */,
				204F9DC71F6A7A7E004C4435 /* Release */,
			);
			defaultConfigurationIsVisible = 0;
			defaultConfigurationName = Release;
		};
		204F9DC81F6A7A7E004C4435 /* Build configuration list for PBXNativeTarget "ZYPhotoBrowser" */ = {
			isa = XCConfigurationList;
			buildConfigurations = (
				204F9DC91F6A7A7E004C4435 /* Debug */,
				204F9DCA1F6A7A7E004C4435 /* Release */,
			);
			defaultConfigurationIsVisible = 0;
			defaultConfigurationName = Release;
		};
		204F9DCB1F6A7A7E004C4435 /* Build configuration list for PBXNativeTarget "ZYPhotoBrowserTests" */ = {
			isa = XCConfigurationList;
			buildConfigurations = (
				204F9DCC1F6A7A7E004C4435 /* Debug */,
				204F9DCD1F6A7A7E004C4435 /* Release */,
			);
			defaultConfigurationIsVisible = 0;
			defaultConfigurationName = Release;
		};
		204F9DCE1F6A7A7E004C4435 /* Build configuration list for PBXNativeTarget "ZYPhotoBrowserUITests" */ = {
			isa = XCConfigurationList;
			buildConfigurations = (
				204F9DCF1F6A7A7E004C4435 /* Debug */,
				204F9DD01F6A7A7E004C4435 /* Release */,
			);
			defaultConfigurationIsVisible = 0;
			defaultConfigurationName = Release;
		};
/* End XCConfigurationList section */

/* Begin XCVersionGroup section */
		204F9DA71F6A7A7E004C4435 /* ZYPhotoBrowser.xcdatamodeld */ = {
			isa = XCVersionGroup;
			children = (
				204F9DA81F6A7A7E004C4435 /* ZYPhotoBrowser.xcdatamodel */,
			);
			currentVersion = 204F9DA81F6A7A7E004C4435 /* ZYPhotoBrowser.xcdatamodel */;
			path = ZYPhotoBrowser.xcdatamodeld;
			sourceTree = "<group>";
			versionGroupType = wrapper.xcdatamodel;
		};
/* End XCVersionGroup section */
	};
	rootObject = 204F9D901F6A7A7D004C4435 /* Project object */;
}
